
Microsoft Visual Studio Solution File, Format Version 12.00
# Visual Studio Version 17
VisualStudioVersion = 17.1.32210.238
MinimumVisualStudioVersion = 10.0.40219.1
Project("{9A19103F-16F7-4668-BE54-9A1E7A4F7556}") = "BulkyBookWeb", "BulkyBookWeb\BulkyBookWeb.csproj", "{331953BF-9B9C-4549-B389-42E05AB5A175}"
EndProject
Project("{FAE04EC0-301F-11D3-BF4B-00C04F79EFBC}") = "BulkyBook.DataAccess", "BulkyBook.DataAccess\BulkyBook.DataAccess.csproj", "{DD3F46AC-1F26-45DE-AA3A-FFCCA94956BE}"
EndProject
Project("{FAE04EC0-301F-11D3-BF4B-00C04F79EFBC}") = "BulkyBook.Models", "BulkyBook.Models\BulkyBook.Models.csproj", "{7CE570F3-5201-43CE-9F88-6A158D30DFC3}"
EndProject
Project("{FAE04EC0-301F-11D3-BF4B-00C04F79EFBC}") = "BulkyBook.Utility", "BulkyBook.Utility\BulkyBook.Utility.csproj", "{22C0E9BC-699D-482B-B1BE-6131BD39F70D}"
EndProject
Global
	GlobalSection(SolutionConfigurationPlatforms) = preSolution
		Debug|Any CPU = Debug|Any CPU
		Release|Any CPU = Release|Any CPU
	EndGlobalSection
	GlobalSection(ProjectConfigurationPlatforms) = postSolution
		{331953BF-9B9C-4549-B389-42E05AB5A175}.Debug|Any CPU.ActiveCfg = Debug|Any CPU
		{331953BF-9B9C-4549-B389-42E05AB5A175}.Debug|Any CPU.Build.0 = Debug|Any CPU
		{331953BF-9B9C-4549-B389-42E05AB5A175}.Release|Any CPU.ActiveCfg = Release|Any CPU
		{331953BF-9B9C-4549-B389-42E05AB5A175}.Release|Any CPU.Build.0 = Release|Any CPU
		{DD3F46AC-1F26-45DE-AA3A-FFCCA94956BE}.Debug|Any CPU.ActiveCfg = Debug|Any CPU
		{DD3F46AC-1F26-45DE-AA3A-FFCCA94956BE}.Debug|Any CPU.Build.0 = Debug|Any CPU
		{DD3F46AC-1F26-45DE-AA3A-FFCCA94956BE}.Release|Any CPU.ActiveCfg = Release|Any CPU
		{DD3F46AC-1F26-45DE-AA3A-FFCCA94956BE}.Release|Any CPU.Build.0 = Release|Any CPU
		{7CE570F3-5201-43CE-9F88-6A158D30DFC3}.Debug|Any CPU.ActiveCfg = Debug|Any CPU
		{7CE570F3-5201-43CE-9F88-6A158D30DFC3}.Debug|Any CPU.Build.0 = Debug|Any CPU
		{7CE570F3-5201-43CE-9F88-6A158D30DFC3}.Release|Any CPU.ActiveCfg = Release|Any CPU
		{7CE570F3-5201-43CE-9F88-6A158D30DFC3}.Release|Any CPU.Build.0 = Release|Any CPU
		{22C0E9BC-699D-482B-B1BE-6131BD39F70D}.Debug|Any CPU.ActiveCfg = Debug|Any CPU
		{22C0E9BC-699D-482B-B1BE-6131BD39F70D}.Debug|Any CPU.Build.0 = Debug|Any CPU
		{22C0E9BC-699D-482B-B1BE-6131BD39F70D}.Release|Any CPU.ActiveCfg = Release|Any CPU
		{22C0E9BC-699D-482B-B1BE-6131BD39F70D}.Release|Any CPU.Build.0 = Release|Any CPU
	EndGlobalSection
	GlobalSection(SolutionProperties) = preSolution
		HideSolutionNode = FALSE
	EndGlobalSection
	GlobalSection(ExtensibilityGlobals) = postSolution
		SolutionGuid = {700C4013-60C8-4378-883F-B145B4F5607E}
	EndGlobalSection
EndGlobal
